
Microsoft Visual Studio Solution File, Format Version 12.00
# Visual Studio 15
VisualStudioVersion = 15.0.28010.2048
MinimumVisualStudioVersion = 10.0.40219.1
Project("{9A19103F-16F7-4668-BE54-9A1E7A4F7556}") = "IceCreamRatingsApi", "IceCreamRatingsApi\IceCreamRatingsApi.csproj", "{9D38EE7D-87C7-4C00-A5C8-553DC676110D}"
EndProject
Project("{9A19103F-16F7-4668-BE54-9A1E7A4F7556}") = "Infrastructure", "Infrastructure\Infrastructure.csproj", "{A58C0F46-E7BE-4B5B-9019-806416578CD5}"
EndProject
Global
	GlobalSection(SolutionConfigurationPlatforms) = preSolution
		Debug|Any CPU = Debug|Any CPU
		Release|Any CPU = Release|Any CPU
	EndGlobalSection
	GlobalSection(ProjectConfigurationPlatforms) = postSolution
		{9D38EE7D-87C7-4C00-A5C8-553DC676110D}.Debug|Any CPU.ActiveCfg = Debug|Any CPU
		{9D38EE7D-87C7-4C00-A5C8-553DC676110D}.Debug|Any CPU.Build.0 = Debug|Any CPU
		{9D38EE7D-87C7-4C00-A5C8-553DC676110D}.Release|Any CPU.ActiveCfg = Release|Any CPU
		{9D38EE7D-87C7-4C00-A5C8-553DC676110D}.Release|Any CPU.Build.0 = Release|Any CPU
		{A58C0F46-E7BE-4B5B-9019-806416578CD5}.Debug|Any CPU.ActiveCfg = Debug|Any CPU
		{A58C0F46-E7BE-4B5B-9019-806416578CD5}.Debug|Any CPU.Build.0 = Debug|Any CPU
		{A58C0F46-E7BE-4B5B-9019-806416578CD5}.Release|Any CPU.ActiveCfg = Release|Any CPU
		{A58C0F46-E7BE-4B5B-9019-806416578CD5}.Release|Any CPU.Build.0 = Release|Any CPU
	EndGlobalSection
	GlobalSection(SolutionProperties) = preSolution
		HideSolutionNode = FALSE
	EndGlobalSection
	GlobalSection(ExtensibilityGlobals) = postSolution
		SolutionGuid = {408A431D-705D-491F-86F9-1ED96E38768A}
	EndGlobalSection
EndGlobal
